// !$*UTF8*$!
{
	archiveVersion = 1;
	classes = {
	};
	objectVersion = 50;
	objects = {

/* Begin PBXBuildFile section */
		001EB85A235D98E8008609E2 /* EDNSLogManager.m in Sources */ = {isa = PBXBuildFile; fileRef = 001EB858235D98E8008609E2 /* EDNSLogManager.m */; };
		001EB85B235D98E8008609E2 /* EDNSLogManager.m in Sources */ = {isa = PBXBuildFile; fileRef = 001EB858235D98E8008609E2 /* EDNSLogManager.m */; };
		001EB85C235D98E8008609E2 /* EDNSLogManager.m in Sources */ = {isa = PBXBuildFile; fileRef = 001EB858235D98E8008609E2 /* EDNSLogManager.m */; };
		001EB85F235D9950008609E2 /* EDExtNSLOGManager.m in Sources */ = {isa = PBXBuildFile; fileRef = 001EB85E235D9950008609E2 /* EDExtNSLOGManager.m */; };
		001EB860235D9950008609E2 /* EDExtNSLOGManager.m in Sources */ = {isa = PBXBuildFile; fileRef = 001EB85E235D9950008609E2 /* EDExtNSLOGManager.m */; };
		001EB861235D9950008609E2 /* EDExtNSLOGManager.m in Sources */ = {isa = PBXBuildFile; fileRef = 001EB85E235D9950008609E2 /* EDExtNSLOGManager.m */; };
		001EB869235D99BF008609E2 /* EDAppGroupManager.m in Sources */ = {isa = PBXBuildFile; fileRef = 001EB868235D99BF008609E2 /* EDAppGroupManager.m */; };
		001EB86A235D99BF008609E2 /* EDAppGroupManager.m in Sources */ = {isa = PBXBuildFile; fileRef = 001EB868235D99BF008609E2 /* EDAppGroupManager.m */; };
		001EB86B235D99BF008609E2 /* EDAppGroupManager.m in Sources */ = {isa = PBXBuildFile; fileRef = 001EB868235D99BF008609E2 /* EDAppGroupManager.m */; };
		0058D36B2224D4300021192B /* AppDelegate.m in Sources */ = {isa = PBXBuildFile; fileRef = 0058D36A2224D4300021192B /* AppDelegate.m */; };
		0058D36E2224D4300021192B /* ViewController.m in Sources */ = {isa = PBXBuildFile; fileRef = 0058D36D2224D4300021192B /* ViewController.m */; };
		0058D3712224D4300021192B /* Main.storyboard in Resources */ = {isa = PBXBuildFile; fileRef = 0058D36F2224D4300021192B /* Main.storyboard */; };
		0058D3732224D4310021192B /* Assets.xcassets in Resources */ = {isa = PBXBuildFile; fileRef = 0058D3722224D4310021192B /* Assets.xcassets */; };
		0058D3762224D4310021192B /* LaunchScreen.storyboard in Resources */ = {isa = PBXBuildFile; fileRef = 0058D3742224D4310021192B /* LaunchScreen.storyboard */; };
		0058D3792224D4310021192B /* main.m in Sources */ = {isa = PBXBuildFile; fileRef = 0058D3782224D4310021192B /* main.m */; };
		0058D3832224D4310021192B /* SZReplaykitDemoTests.m in Sources */ = {isa = PBXBuildFile; fileRef = 0058D3822224D4310021192B /* SZReplaykitDemoTests.m */; };
		0058D38E2224D4310021192B /* SZReplaykitDemoUITests.m in Sources */ = {isa = PBXBuildFile; fileRef = 0058D38D2224D4310021192B /* SZReplaykitDemoUITests.m */; };
		0058D3A22224D4750021192B /* ReplayKit.framework in Frameworks */ = {isa = PBXBuildFile; fileRef = 0058D3A12224D4750021192B /* ReplayKit.framework */; };
		0058D3A62224D4750021192B /* SampleHandler.m in Sources */ = {isa = PBXBuildFile; fileRef = 0058D3A52224D4750021192B /* SampleHandler.m */; };
		0058D3AD2224D4750021192B /* ReplayKit.framework in Frameworks */ = {isa = PBXBuildFile; fileRef = 0058D3A12224D4750021192B /* ReplayKit.framework */; };
		0058D3AF2224D4750021192B /* UIKit.framework in Frameworks */ = {isa = PBXBuildFile; fileRef = 0058D3AE2224D4750021192B /* UIKit.framework */; };
		0058D3B32224D4750021192B /* BroadcastSetupViewController.m in Sources */ = {isa = PBXBuildFile; fileRef = 0058D3B22224D4750021192B /* BroadcastSetupViewController.m */; };
		0058D3B72224D4750021192B /* SZReplayExtSetupUI.appex in Embed App Extensions */ = {isa = PBXBuildFile; fileRef = 0058D3AC2224D4750021192B /* SZReplayExtSetupUI.appex */; settings = {ATTRIBUTES = (RemoveHeadersOnCopy, ); }; };
		0058D3BA2224D4750021192B /* SZReplayExt.appex in Embed App Extensions */ = {isa = PBXBuildFile; fileRef = 0058D39F2224D4750021192B /* SZReplayExt.appex */; settings = {ATTRIBUTES = (RemoveHeadersOnCopy, ); }; };
/* End PBXBuildFile section */

/* Begin PBXContainerItemProxy section */
		0058D37F2224D4310021192B /* PBXContainerItemProxy */ = {
			isa = PBXContainerItemProxy;
			containerPortal = 0058D35E2224D4300021192B /* Project object */;
			proxyType = 1;
			remoteGlobalIDString = 0058D3652224D4300021192B;
			remoteInfo = SZReplaykitDemo;
		};
		0058D38A2224D4310021192B /* PBXContainerItemProxy */ = {
			isa = PBXContainerItemProxy;
			containerPortal = 0058D35E2224D4300021192B /* Project object */;
			proxyType = 1;
			remoteGlobalIDString = 0058D3652224D4300021192B;
			remoteInfo = SZReplaykitDemo;
		};
		0058D3B52224D4750021192B /* PBXContainerItemProxy */ = {
			isa = PBXContainerItemProxy;
			containerPortal = 0058D35E2224D4300021192B /* Project object */;
			proxyType = 1;
			remoteGlobalIDString = 0058D3AB2224D4750021192B;
			remoteInfo = SZReplayExtSetupUI;
		};
		0058D3B82224D4750021192B /* PBXContainerItemProxy */ = {
			isa = PBXContainerItemProxy;
			containerPortal = 0058D35E2224D4300021192B /* Project object */;
			proxyType = 1;
			remoteGlobalIDString = 0058D39E2224D4750021192B;
			remoteInfo = SZReplayExt;
		};
/* End PBXContainerItemProxy section */

/* Begin PBXCopyFilesBuildPhase section */
		0058D3C12224D4750021192B /* Embed App Extensions */ = {
			isa = PBXCopyFilesBuildPhase;
			buildActionMask = 2147483647;
			dstPath = "";
			dstSubfolderSpec = 13;
			files = (
				0058D3BA2224D4750021192B /* SZReplayExt.appex in Embed App Extensions */,
				0058D3B72224D4750021192B /* SZReplayExtSetupUI.appex in Embed App Extensions */,
			);
			name = "Embed App Extensions";
			runOnlyForDeploymentPostprocessing = 0;
		};
/* End PBXCopyFilesBuildPhase section */

/* Begin PBXFileReference section */
		000C69242359AF4100D39385 /* SZReplaykitDemo.entitlements */ = {isa = PBXFileReference; lastKnownFileType = text.plist.entitlements; path = SZReplaykitDemo.entitlements; sourceTree = "<group>"; };
		000C69252359AF6B00D39385 /* SZReplayExt.entitlements */ = {isa = PBXFileReference; lastKnownFileType = text.plist.entitlements; path = SZReplayExt.entitlements; sourceTree = "<group>"; };
		000C69262359AF7500D39385 /* SZReplayExtSetupUI.entitlements */ = {isa = PBXFileReference; lastKnownFileType = text.plist.entitlements; path = SZReplayExtSetupUI.entitlements; sourceTree = "<group>"; };
		001EB858235D98E8008609E2 /* EDNSLogManager.m */ = {isa = PBXFileReference; fileEncoding = 4; lastKnownFileType = sourcecode.c.objc; path = EDNSLogManager.m; sourceTree = "<group>"; };
		001EB859235D98E8008609E2 /* EDNSLogManager.h */ = {isa = PBXFileReference; fileEncoding = 4; lastKnownFileType = sourcecode.c.h; path = EDNSLogManager.h; sourceTree = "<group>"; };
		001EB85D235D9950008609E2 /* EDExtNSLOGManager.h */ = {isa = PBXFileReference; lastKnownFileType = sourcecode.c.h; path = EDExtNSLOGManager.h; sourceTree = "<group>"; };
		001EB85E235D9950008609E2 /* EDExtNSLOGManager.m */ = {isa = PBXFileReference; lastKnownFileType = sourcecode.c.objc; path = EDExtNSLOGManager.m; sourceTree = "<group>"; };
		001EB867235D99BF008609E2 /* EDAppGroupManager.h */ = {isa = PBXFileReference; lastKnownFileType = sourcecode.c.h; path = EDAppGroupManager.h; sourceTree = "<group>"; };
		001EB868235D99BF008609E2 /* EDAppGroupManager.m */ = {isa = PBXFileReference; lastKnownFileType = sourcecode.c.objc; path = EDAppGroupManager.m; sourceTree = "<group>"; };
		0058D3662224D4300021192B /* SZReplaykitDemo.app */ = {isa = PBXFileReference; explicitFileType = wrapper.application; includeInIndex = 0; path = SZReplaykitDemo.app; sourceTree = BUILT_PRODUCTS_DIR; };
		0058D3692224D4300021192B /* AppDelegate.h */ = {isa = PBXFileReference; lastKnownFileType = sourcecode.c.h; path = AppDelegate.h; sourceTree = "<group>"; };
		0058D36A2224D4300021192B /* AppDelegate.m */ = {isa = PBXFileReference; lastKnownFileType = sourcecode.c.objc; path = AppDelegate.m; sourceTree = "<group>"; };
		0058D36C2224D4300021192B /* ViewController.h */ = {isa = PBXFileReference; lastKnownFileType = sourcecode.c.h; path = ViewController.h; sourceTree = "<group>"; };
		0058D36D2224D4300021192B /* ViewController.m */ = {isa = PBXFileReference; lastKnownFileType = sourcecode.c.objc; path = ViewController.m; sourceTree = "<group>"; };
		0058D3702224D4300021192B /* Base */ = {isa = PBXFileReference; lastKnownFileType = file.storyboard; name = Base; path = Base.lproj/Main.storyboard; sourceTree = "<group>"; };
		0058D3722224D4310021192B /* Assets.xcassets */ = {isa = PBXFileReference; lastKnownFileType = folder.assetcatalog; path = Assets.xcassets; sourceTree = "<group>"; };
		0058D3752224D4310021192B /* Base */ = {isa = PBXFileReference; lastKnownFileType = file.storyboard; name = Base; path = Base.lproj/LaunchScreen.storyboard; sourceTree = "<group>"; };
		0058D3772224D4310021192B /* Info.plist */ = {isa = PBXFileReference; lastKnownFileType = text.plist.xml; path = Info.plist; sourceTree = "<group>"; };
		0058D3782224D4310021192B /* main.m */ = {isa = PBXFileReference; lastKnownFileType = sourcecode.c.objc; path = main.m; sourceTree = "<group>"; };
		0058D37E2224D4310021192B /* SZReplaykitDemoTests.xctest */ = {isa = PBXFileReference; explicitFileType = wrapper.cfbundle; includeInIndex = 0; path = SZReplaykitDemoTests.xctest; sourceTree = BUILT_PRODUCTS_DIR; };
		0058D3822224D4310021192B /* SZReplaykitDemoTests.m */ = {isa = PBXFileReference; lastKnownFileType = sourcecode.c.objc; path = SZReplaykitDemoTests.m; sourceTree = "<group>"; };
		0058D3842224D4310021192B /* Info.plist */ = {isa = PBXFileReference; lastKnownFileType = text.plist.xml; path = Info.plist; sourceTree = "<group>"; };
		0058D3892224D4310021192B /* SZReplaykitDemoUITests.xctest */ = {isa = PBXFileReference; explicitFileType = wrapper.cfbundle; includeInIndex = 0; path = SZReplaykitDemoUITests.xctest; sourceTree = BUILT_PRODUCTS_DIR; };
		0058D38D2224D4310021192B /* SZReplaykitDemoUITests.m */ = {isa = PBXFileReference; lastKnownFileType = sourcecode.c.objc; path = SZReplaykitDemoUITests.m; sourceTree = "<group>"; };
		0058D38F2224D4310021192B /* Info.plist */ = {isa = PBXFileReference; lastKnownFileType = text.plist.xml; path = Info.plist; sourceTree = "<group>"; };
		0058D39F2224D4750021192B /* SZReplayExt.appex */ = {isa = PBXFileReference; explicitFileType = "wrapper.app-extension"; includeInIndex = 0; path = SZReplayExt.appex; sourceTree = BUILT_PRODUCTS_DIR; };
		0058D3A12224D4750021192B /* ReplayKit.framework */ = {isa = PBXFileReference; lastKnownFileType = wrapper.framework; name = ReplayKit.framework; path = System/Library/Frameworks/ReplayKit.framework; sourceTree = SDKROOT; };
		0058D3A42224D4750021192B /* SampleHandler.h */ = {isa = PBXFileReference; lastKnownFileType = sourcecode.c.h; path = SampleHandler.h; sourceTree = "<group>"; };
		0058D3A52224D4750021192B /* SampleHandler.m */ = {isa = PBXFileReference; lastKnownFileType = sourcecode.c.objc; path = SampleHandler.m; sourceTree = "<group>"; };
		0058D3A72224D4750021192B /* Info.plist */ = {isa = PBXFileReference; lastKnownFileType = text.plist.xml; path = Info.plist; sourceTree = "<group>"; };
		0058D3AC2224D4750021192B /* SZReplayExtSetupUI.appex */ = {isa = PBXFileReference; explicitFileType = "wrapper.app-extension"; includeInIndex = 0; path = SZReplayExtSetupUI.appex; sourceTree = BUILT_PRODUCTS_DIR; };
		0058D3AE2224D4750021192B /* UIKit.framework */ = {isa = PBXFileReference; lastKnownFileType = wrapper.framework; name = UIKit.framework; path = System/Library/Frameworks/UIKit.framework; sourceTree = SDKROOT; };
		0058D3B12224D4750021192B /* BroadcastSetupViewController.h */ = {isa = PBXFileReference; lastKnownFileType = sourcecode.c.h; path = BroadcastSetupViewController.h; sourceTree = "<group>"; };
		0058D3B22224D4750021192B /* BroadcastSetupViewController.m */ = {isa = PBXFileReference; lastKnownFileType = sourcecode.c.objc; path = BroadcastSetupViewController.m; sourceTree = "<group>"; };
		0058D3B42224D4750021192B /* Info.plist */ = {isa = PBXFileReference; lastKnownFileType = text.plist.xml; path = Info.plist; sourceTree = "<group>"; };
/* End PBXFileReference section */

/* Begin PBXFrameworksBuildPhase section */
		0058D3632224D4300021192B /* Frameworks */ = {
			isa = PBXFrameworksBuildPhase;
			buildActionMask = 2147483647;
			files = (
			);
			runOnlyForDeploymentPostprocessing = 0;
		};
		0058D37B2224D4310021192B /* Frameworks */ = {
			isa = PBXFrameworksBuildPhase;
			buildActionMask = 2147483647;
			files = (
			);
			runOnlyForDeploymentPostprocessing = 0;
		};
		0058D3862224D4310021192B /* Frameworks */ = {
			isa = PBXFrameworksBuildPhase;
			buildActionMask = 2147483647;
			files = (
			);
			runOnlyForDeploymentPostprocessing = 0;
		};
		0058D39C2224D4750021192B /* Frameworks */ = {
			isa = PBXFrameworksBuildPhase;
			buildActionMask = 2147483647;
			files = (
				0058D3A22224D4750021192B /* ReplayKit.framework in Frameworks */,
			);
			runOnlyForDeploymentPostprocessing = 0;
		};
		0058D3A92224D4750021192B /* Frameworks */ = {
			isa = PBXFrameworksBuildPhase;
			buildActionMask = 2147483647;
			files = (
				0058D3AD2224D4750021192B /* ReplayKit.framework in Frameworks */,
				0058D3AF2224D4750021192B /* UIKit.framework in Frameworks */,
			);
			runOnlyForDeploymentPostprocessing = 0;
		};
/* End PBXFrameworksBuildPhase section */

/* Begin PBXGroup section */
		0058D35D2224D4300021192B = {
			isa = PBXGroup;
			children = (
				0058D3682224D4300021192B /* SZReplaykitDemo */,
				0058D3812224D4310021192B /* SZReplaykitDemoTests */,
				0058D38C2224D4310021192B /* SZReplaykitDemoUITests */,
				0058D3A32224D4750021192B /* SZReplayExt */,
				0058D3B02224D4750021192B /* SZReplayExtSetupUI */,
				0058D3A02224D4750021192B /* Frameworks */,
				0058D3672224D4300021192B /* Products */,
			);
			sourceTree = "<group>";
		};
		0058D3672224D4300021192B /* Products */ = {
			isa = PBXGroup;
			children = (
				0058D3662224D4300021192B /* SZReplaykitDemo.app */,
				0058D37E2224D4310021192B /* SZReplaykitDemoTests.xctest */,
				0058D3892224D4310021192B /* SZReplaykitDemoUITests.xctest */,
				0058D39F2224D4750021192B /* SZReplayExt.appex */,
				0058D3AC2224D4750021192B /* SZReplayExtSetupUI.appex */,
			);
			name = Products;
			sourceTree = "<group>";
		};
		0058D3682224D4300021192B /* SZReplaykitDemo */ = {
			isa = PBXGroup;
			children = (
				000C69242359AF4100D39385 /* SZReplaykitDemo.entitlements */,
				0058D3692224D4300021192B /* AppDelegate.h */,
				0058D36A2224D4300021192B /* AppDelegate.m */,
				0058D36C2224D4300021192B /* ViewController.h */,
				0058D36D2224D4300021192B /* ViewController.m */,
				001EB867235D99BF008609E2 /* EDAppGroupManager.h */,
				001EB868235D99BF008609E2 /* EDAppGroupManager.m */,
				001EB859235D98E8008609E2 /* EDNSLogManager.h */,
				001EB858235D98E8008609E2 /* EDNSLogManager.m */,
				0058D36F2224D4300021192B /* Main.storyboard */,
				0058D3722224D4310021192B /* Assets.xcassets */,
				0058D3742224D4310021192B /* LaunchScreen.storyboard */,
				0058D3772224D4310021192B /* Info.plist */,
				0058D3782224D4310021192B /* main.m */,
			);
			path = SZReplaykitDemo;
			sourceTree = "<group>";
		};
		0058D3812224D4310021192B /* SZReplaykitDemoTests */ = {
			isa = PBXGroup;
			children = (
				0058D3822224D4310021192B /* SZReplaykitDemoTests.m */,
				0058D3842224D4310021192B /* Info.plist */,
			);
			path = SZReplaykitDemoTests;
			sourceTree = "<group>";
		};
		0058D38C2224D4310021192B /* SZReplaykitDemoUITests */ = {
			isa = PBXGroup;
			children = (
				0058D38D2224D4310021192B /* SZReplaykitDemoUITests.m */,
				0058D38F2224D4310021192B /* Info.plist */,
			);
			path = SZReplaykitDemoUITests;
			sourceTree = "<group>";
		};
		0058D3A02224D4750021192B /* Frameworks */ = {
			isa = PBXGroup;
			children = (
				0058D3A12224D4750021192B /* ReplayKit.framework */,
				0058D3AE2224D4750021192B /* UIKit.framework */,
			);
			name = Frameworks;
			sourceTree = "<group>";
		};
		0058D3A32224D4750021192B /* SZReplayExt */ = {
			isa = PBXGroup;
			children = (
				000C69252359AF6B00D39385 /* SZReplayExt.entitlements */,
				0058D3A42224D4750021192B /* SampleHandler.h */,
				0058D3A52224D4750021192B /* SampleHandler.m */,
				001EB85D235D9950008609E2 /* EDExtNSLOGManager.h */,
				001EB85E235D9950008609E2 /* EDExtNSLOGManager.m */,
				0058D3A72224D4750021192B /* Info.plist */,
			);
			path = SZReplayExt;
			sourceTree = "<group>";
		};
		0058D3B02224D4750021192B /* SZReplayExtSetupUI */ = {
			isa = PBXGroup;
			children = (
				000C69262359AF7500D39385 /* SZReplayExtSetupUI.entitlements */,
				0058D3B12224D4750021192B /* BroadcastSetupViewController.h */,
				0058D3B22224D4750021192B /* BroadcastSetupViewController.m */,
				0058D3B42224D4750021192B /* Info.plist */,
			);
			path = SZReplayExtSetupUI;
			sourceTree = "<group>";
		};
/* End PBXGroup section */

/* Begin PBXNativeTarget section */
		0058D3652224D4300021192B /* SZReplaykitDemo */ = {
			isa = PBXNativeTarget;
			buildConfigurationList = 0058D3922224D4310021192B /* Build configuration list for PBXNativeTarget "SZReplaykitDemo" */;
			buildPhases = (
				0058D3622224D4300021192B /* Sources */,
				0058D3632224D4300021192B /* Frameworks */,
				0058D3642224D4300021192B /* Resources */,
				0058D3C12224D4750021192B /* Embed App Extensions */,
			);
			buildRules = (
			);
			dependencies = (
				0058D3B62224D4750021192B /* PBXTargetDependency */,
				0058D3B92224D4750021192B /* PBXTargetDependency */,
			);
			name = SZReplaykitDemo;
			productName = SZReplaykitDemo;
			productReference = 0058D3662224D4300021192B /* SZReplaykitDemo.app */;
			productType = "com.apple.product-type.application";
		};
		0058D37D2224D4310021192B /* SZReplaykitDemoTests */ = {
			isa = PBXNativeTarget;
			buildConfigurationList = 0058D3952224D4310021192B /* Build configuration list for PBXNativeTarget "SZReplaykitDemoTests" */;
			buildPhases = (
				0058D37A2224D4310021192B /* Sources */,
				0058D37B2224D4310021192B /* Frameworks */,
				0058D37C2224D4310021192B /* Resources */,
			);
			buildRules = (
			);
			dependencies = (
				0058D3802224D4310021192B /* PBXTargetDependency */,
			);
			name = SZReplaykitDemoTests;
			productName = SZReplaykitDemoTests;
			productReference = 0058D37E2224D4310021192B /* SZReplaykitDemoTests.xctest */;
			productType = "com.apple.product-type.bundle.unit-test";
		};
		0058D3882224D4310021192B /* SZReplaykitDemoUITests */ = {
			isa = PBXNativeTarget;
			buildConfigurationList = 0058D3982224D4310021192B /* Build configuration list for PBXNativeTarget "SZReplaykitDemoUITests" */;
			buildPhases = (
				0058D3852224D4310021192B /* Sources */,
				0058D3862224D4310021192B /* Frameworks */,
				0058D3872224D4310021192B /* Resources */,
			);
			buildRules = (
			);
			dependencies = (
				0058D38B2224D4310021192B /* PBXTargetDependency */,
			);
			name = SZReplaykitDemoUITests;
			productName = SZReplaykitDemoUITests;
			productReference = 0058D3892224D4310021192B /* SZReplaykitDemoUITests.xctest */;
			productType = "com.apple.product-type.bundle.ui-testing";
		};
		0058D39E2224D4750021192B /* SZReplayExt */ = {
			isa = PBXNativeTarget;
			buildConfigurationList = 0058D3BE2224D4750021192B /* Build configuration list for PBXNativeTarget "SZReplayExt" */;
			buildPhases = (
				0058D39B2224D4750021192B /* Sources */,
				0058D39C2224D4750021192B /* Frameworks */,
				0058D39D2224D4750021192B /* Resources */,
			);
			buildRules = (
			);
			dependencies = (
			);
			name = SZReplayExt;
			productName = SZReplayExt;
			productReference = 0058D39F2224D4750021192B /* SZReplayExt.appex */;
			productType = "com.apple.product-type.app-extension";
		};
		0058D3AB2224D4750021192B /* SZReplayExtSetupUI */ = {
			isa = PBXNativeTarget;
			buildConfigurationList = 0058D3BB2224D4750021192B /* Build configuration list for PBXNativeTarget "SZReplayExtSetupUI" */;
			buildPhases = (
				0058D3A82224D4750021192B /* Sources */,
				0058D3A92224D4750021192B /* Frameworks */,
				0058D3AA2224D4750021192B /* Resources */,
			);
			buildRules = (
			);
			dependencies = (
			);
			name = SZReplayExtSetupUI;
			productName = SZReplayExtSetupUI;
			productReference = 0058D3AC2224D4750021192B /* SZReplayExtSetupUI.appex */;
			productType = "com.apple.product-type.app-extension";
		};
/* End PBXNativeTarget section */

/* Begin PBXProject section */
		0058D35E2224D4300021192B /* Project object */ = {
			isa = PBXProject;
			attributes = {
				LastUpgradeCheck = 1010;
				ORGANIZATIONNAME = shizhongqiu;
				TargetAttributes = {
					0058D3652224D4300021192B = {
						CreatedOnToolsVersion = 10.1;
					};
					0058D37D2224D4310021192B = {
						CreatedOnToolsVersion = 10.1;
						TestTargetID = 0058D3652224D4300021192B;
					};
					0058D3882224D4310021192B = {
						CreatedOnToolsVersion = 10.1;
						TestTargetID = 0058D3652224D4300021192B;
					};
					0058D39E2224D4750021192B = {
						CreatedOnToolsVersion = 10.1;
					};
					0058D3AB2224D4750021192B = {
						CreatedOnToolsVersion = 10.1;
					};
				};
			};
			buildConfigurationList = 0058D3612224D4300021192B /* Build configuration list for PBXProject "SZReplaykitDemo" */;
			compatibilityVersion = "Xcode 9.3";
			developmentRegion = en;
			hasScannedForEncodings = 0;
			knownRegions = (
				en,
				Base,
			);
			mainGroup = 0058D35D2224D4300021192B;
			productRefGroup = 0058D3672224D4300021192B /* Products */;
			projectDirPath = "";
			projectRoot = "";
			targets = (
				0058D3652224D4300021192B /* SZReplaykitDemo */,
				0058D37D2224D4310021192B /* SZReplaykitDemoTests */,
				0058D3882224D4310021192B /* SZReplaykitDemoUITests */,
				0058D39E2224D4750021192B /* SZReplayExt */,
				0058D3AB2224D4750021192B /* SZReplayExtSetupUI */,
			);
		};
/* End PBXProject section */

/* Begin PBXResourcesBuildPhase section */
		0058D3642224D4300021192B /* Resources */ = {
			isa = PBXResourcesBuildPhase;
			buildActionMask = 2147483647;
			files = (
				0058D3762224D4310021192B /* LaunchScreen.storyboard in Resources */,
				0058D3732224D4310021192B /* Assets.xcassets in Resources */,
				0058D3712224D4300021192B /* Main.storyboard in Resources */,
			);
			runOnlyForDeploymentPostprocessing = 0;
		};
		0058D37C2224D4310021192B /* Resources */ = {
			isa = PBXResourcesBuildPhase;
			buildActionMask = 2147483647;
			files = (
			);
			runOnlyForDeploymentPostprocessing = 0;
		};
		0058D3872224D4310021192B /* Resources */ = {
			isa = PBXResourcesBuildPhase;
			buildActionMask = 2147483647;
			files = (
			);
			runOnlyForDeploymentPostprocessing = 0;
		};
		0058D39D2224D4750021192B /* Resources */ = {
			isa = PBXResourcesBuildPhase;
			buildActionMask = 2147483647;
			files = (
			);
			runOnlyForDeploymentPostprocessing = 0;
		};
		0058D3AA2224D4750021192B /* Resources */ = {
			isa = PBXResourcesBuildPhase;
			buildActionMask = 2147483647;
			files = (
			);
			runOnlyForDeploymentPostprocessing = 0;
		};
/* End PBXResourcesBuildPhase section */

/* Begin PBXSourcesBuildPhase section */
		0058D3622224D4300021192B /* Sources */ = {
			isa = PBXSourcesBuildPhase;
			buildActionMask = 2147483647;
			files = (
				001EB85F235D9950008609E2 /* EDExtNSLOGManager.m in Sources */,
				001EB85A235D98E8008609E2 /* EDNSLogManager.m in Sources */,
				0058D36E2224D4300021192B /* ViewController.m in Sources */,
				0058D3792224D4310021192B /* main.m in Sources */,
				001EB869235D99BF008609E2 /* EDAppGroupManager.m in Sources */,
				0058D36B2224D4300021192B /* AppDelegate.m in Sources */,
			);
			runOnlyForDeploymentPostprocessing = 0;
		};
		0058D37A2224D4310021192B /* Sources */ = {
			isa = PBXSourcesBuildPhase;
			buildActionMask = 2147483647;
			files = (
				0058D3832224D4310021192B /* SZReplaykitDemoTests.m in Sources */,
			);
			runOnlyForDeploymentPostprocessing = 0;
		};
		0058D3852224D4310021192B /* Sources */ = {
			isa = PBXSourcesBuildPhase;
			buildActionMask = 2147483647;
			files = (
				0058D38E2224D4310021192B /* SZReplaykitDemoUITests.m in Sources */,
			);
			runOnlyForDeploymentPostprocessing = 0;
		};
		0058D39B2224D4750021192B /* Sources */ = {
			isa = PBXSourcesBuildPhase;
			buildActionMask = 2147483647;
			files = (
				001EB86A235D99BF008609E2 /* EDAppGroupManager.m in Sources */,
				0058D3A62224D4750021192B /* SampleHandler.m in Sources */,
				001EB85B235D98E8008609E2 /* EDNSLogManager.m in Sources */,
				001EB860235D9950008609E2 /* EDExtNSLOGManager.m in Sources */,
			);
			runOnlyForDeploymentPostprocessing = 0;
		};
		0058D3A82224D4750021192B /* Sources */ = {
			isa = PBXSourcesBuildPhase;
			buildActionMask = 2147483647;
			files = (
				001EB86B235D99BF008609E2 /* EDAppGroupManager.m in Sources */,
				0058D3B32224D4750021192B /* BroadcastSetupViewController.m in Sources */,
				001EB85C235D98E8008609E2 /* EDNSLogManager.m in Sources */,
				001EB861235D9950008609E2 /* EDExtNSLOGManager.m in Sources */,
			);
			runOnlyForDeploymentPostprocessing = 0;
		};
/* End PBXSourcesBuildPhase section */

/* Begin PBXTargetDependency section */
		0058D3802224D4310021192B /* PBXTargetDependency */ = {
			isa = PBXTargetDependency;
			target = 0058D3652224D4300021192B /* SZReplaykitDemo */;
			targetProxy = 0058D37F2224D4310021192B /* PBXContainerItemProxy */;
		};
		0058D38B2224D4310021192B /* PBXTargetDependency */ = {
			isa = PBXTargetDependency;
			target = 0058D3652224D4300021192B /* SZReplaykitDemo */;
			targetProxy = 0058D38A2224D4310021192B /* PBXContainerItemProxy */;
		};
		0058D3B62224D4750021192B /* PBXTargetDependency */ = {
			isa = PBXTargetDependency;
			target = 0058D3AB2224D4750021192B /* SZReplayExtSetupUI */;
			targetProxy = 0058D3B52224D4750021192B /* PBXContainerItemProxy */;
		};
		0058D3B92224D4750021192B /* PBXTargetDependency */ = {
			isa = PBXTargetDependency;
			target = 0058D39E2224D4750021192B /* SZReplayExt */;
			targetProxy = 0058D3B82224D4750021192B /* PBXContainerItemProxy */;
		};
/* End PBXTargetDependency section */

/* Begin PBXVariantGroup section */
		0058D36F2224D4300021192B /* Main.storyboard */ = {
			isa = PBXVariantGroup;
			children = (
				0058D3702224D4300021192B /* Base */,
			);
			name = Main.storyboard;
			sourceTree = "<group>";
		};
		0058D3742224D4310021192B /* LaunchScreen.storyboard */ = {
			isa = PBXVariantGroup;
			children = (
				0058D3752224D4310021192B /* Base */,
			);
			name = LaunchScreen.storyboard;
			sourceTree = "<group>";
		};
/* End PBXVariantGroup section */

/* Begin XCBuildConfiguration section */
		0058D3902224D4310021192B /* Debug */ = {
			isa = XCBuildConfiguration;
			buildSettings = {
				ALWAYS_SEARCH_USER_PATHS = NO;
				CLANG_ANALYZER_NONNULL = YES;
				CLANG_ANALYZER_NUMBER_OBJECT_CONVERSION = YES_AGGRESSIVE;
				CLANG_CXX_LANGUAGE_STANDARD = "gnu++14";
				CLANG_CXX_LIBRARY = "libc++";
				CLANG_ENABLE_MODULES = YES;
				CLANG_ENABLE_OBJC_ARC = YES;
				CLANG_ENABLE_OBJC_WEAK = YES;
				CLANG_WARN_BLOCK_CAPTURE_AUTORELEASING = YES;
				CLANG_WARN_BOOL_CONVERSION = YES;
				CLANG_WARN_COMMA = YES;
				CLANG_WARN_CONSTANT_CONVERSION = YES;
				CLANG_WARN_DEPRECATED_OBJC_IMPLEMENTATIONS = YES;
				CLANG_WARN_DIRECT_OBJC_ISA_USAGE = YES_ERROR;
				CLANG_WARN_DOCUMENTATION_COMMENTS = YES;
				CLANG_WARN_EMPTY_BODY = YES;
				CLANG_WARN_ENUM_CONVERSION = YES;
				CLANG_WARN_INFINITE_RECURSION = YES;
				CLANG_WARN_INT_CONVERSION = YES;
				CLANG_WARN_NON_LITERAL_NULL_CONVERSION = YES;
				CLANG_WARN_OBJC_IMPLICIT_RETAIN_SELF = YES;
				CLANG_WARN_OBJC_LITERAL_CONVERSION = YES;
				CLANG_WARN_OBJC_ROOT_CLASS = YES_ERROR;
				CLANG_WARN_RANGE_LOOP_ANALYSIS = YES;
				CLANG_WARN_STRICT_PROTOTYPES = YES;
				CLANG_WARN_SUSPICIOUS_MOVE = YES;
				CLANG_WARN_UNGUARDED_AVAILABILITY = YES_AGGRESSIVE;
				CLANG_WARN_UNREACHABLE_CODE = YES;
				CLANG_WARN__DUPLICATE_METHOD_MATCH = YES;
				CODE_SIGN_IDENTITY = "iPhone Developer";
				COPY_PHASE_STRIP = NO;
				DEBUG_INFORMATION_FORMAT = dwarf;
				ENABLE_STRICT_OBJC_MSGSEND = YES;
				ENABLE_TESTABILITY = YES;
				GCC_C_LANGUAGE_STANDARD = gnu11;
				GCC_DYNAMIC_NO_PIC = NO;
				GCC_NO_COMMON_BLOCKS = YES;
				GCC_OPTIMIZATION_LEVEL = 0;
				GCC_PREPROCESSOR_DEFINITIONS = (
					"DEBUG=1",
					"$(inherited)",
				);
				GCC_WARN_64_TO_32_BIT_CONVERSION = YES;
				GCC_WARN_ABOUT_RETURN_TYPE = YES_ERROR;
				GCC_WARN_UNDECLARED_SELECTOR = YES;
				GCC_WARN_UNINITIALIZED_AUTOS = YES_AGGRESSIVE;
				GCC_WARN_UNUSED_FUNCTION = YES;
				GCC_WARN_UNUSED_VARIABLE = YES;
				IPHONEOS_DEPLOYMENT_TARGET = 11.0;
				MTL_ENABLE_DEBUG_INFO = INCLUDE_SOURCE;
				MTL_FAST_MATH = YES;
				ONLY_ACTIVE_ARCH = YES;
				SDKROOT = iphoneos;
			};
			name = Debug;
		};
		0058D3912224D4310021192B /* Release */ = {
			isa = XCBuildConfiguration;
			buildSettings = {
				ALWAYS_SEARCH_USER_PATHS = NO;
				CLANG_ANALYZER_NONNULL = YES;
				CLANG_ANALYZER_NUMBER_OBJECT_CONVERSION = YES_AGGRESSIVE;
				CLANG_CXX_LANGUAGE_STANDARD = "gnu++14";
				CLANG_CXX_LIBRARY = "libc++";
				CLANG_ENABLE_MODULES = YES;
				CLANG_ENABLE_OBJC_ARC = YES;
				CLANG_ENABLE_OBJC_WEAK = YES;
				CLANG_WARN_BLOCK_CAPTURE_AUTORELEASING = YES;
				CLANG_WARN_BOOL_CONVERSION = YES;
				CLANG_WARN_COMMA = YES;
				CLANG_WARN_CONSTANT_CONVERSION = YES;
				CLANG_WARN_DEPRECATED_OBJC_IMPLEMENTATIONS = YES;
				CLANG_WARN_DIRECT_OBJC_ISA_USAGE = YES_ERROR;
				CLANG_WARN_DOCUMENTATION_COMMENTS = YES;
				CLANG_WARN_EMPTY_BODY = YES;
				CLANG_WARN_ENUM_CONVERSION = YES;
				CLANG_WARN_INFINITE_RECURSION = YES;
				CLANG_WARN_INT_CONVERSION = YES;
				CLANG_WARN_NON_LITERAL_NULL_CONVERSION = YES;
				CLANG_WARN_OBJC_IMPLICIT_RETAIN_SELF = YES;
				CLANG_WARN_OBJC_LITERAL_CONVERSION = YES;
				CLANG_WARN_OBJC_ROOT_CLASS = YES_ERROR;
				CLANG_WARN_RANGE_LOOP_ANALYSIS = YES;
				CLANG_WARN_STRICT_PROTOTYPES = YES;
				CLANG_WARN_SUSPICIOUS_MOVE = YES;
				CLANG_WARN_UNGUARDED_AVAILABILITY = YES_AGGRESSIVE;
				CLANG_WARN_UNREACHABLE_CODE = YES;
				CLANG_WARN__DUPLICATE_METHOD_MATCH = YES;
				CODE_SIGN_IDENTITY = "iPhone Developer";
				COPY_PHASE_STRIP = NO;
				DEBUG_INFORMATION_FORMAT = "dwarf-with-dsym";
				ENABLE_NS_ASSERTIONS = NO;
				ENABLE_STRICT_OBJC_MSGSEND = YES;
				GCC_C_LANGUAGE_STANDARD = gnu11;
				GCC_NO_COMMON_BLOCKS = YES;
				GCC_WARN_64_TO_32_BIT_CONVERSION = YES;
				GCC_WARN_ABOUT_RETURN_TYPE = YES_ERROR;
				GCC_WARN_UNDECLARED_SELECTOR = YES;
				GCC_WARN_UNINITIALIZED_AUTOS = YES_AGGRESSIVE;
				GCC_WARN_UNUSED_FUNCTION = YES;
				GCC_WARN_UNUSED_VARIABLE = YES;
				IPHONEOS_DEPLOYMENT_TARGET = 11.0;
				MTL_ENABLE_DEBUG_INFO = NO;
				MTL_FAST_MATH = YES;
				SDKROOT = iphoneos;
				VALIDATE_PRODUCT = YES;
			};
			name = Release;
		};
		0058D3932224D4310021192B /* Debug */ = {
			isa = XCBuildConfiguration;
			buildSettings = {
				ASSETCATALOG_COMPILER_APPICON_NAME = AppIcon;
				CODE_SIGN_ENTITLEMENTS = SZReplaykitDemo/SZReplaykitDemo.entitlements;
				CODE_SIGN_STYLE = Automatic;
				DEVELOPMENT_TEAM = B4BRG88LS5;
				INFOPLIST_FILE = SZReplaykitDemo/Info.plist;
				LD_RUNPATH_SEARCH_PATHS = (
					"$(inherited)",
					"@executable_path/Frameworks",
				);
				PRODUCT_BUNDLE_IDENTIFIER = shi.carbit.com.cn.SZReplaykitDemo;
				PRODUCT_NAME = "$(TARGET_NAME)";
				TARGETED_DEVICE_FAMILY = "1,2";
			};
			name = Debug;
		};
		0058D3942224D4310021192B /* Release */ = {
			isa = XCBuildConfiguration;
			buildSettings = {
				ASSETCATALOG_COMPILER_APPICON_NAME = AppIcon;
				CODE_SIGN_ENTITLEMENTS = SZReplaykitDemo/SZReplaykitDemo.entitlements;
				CODE_SIGN_STYLE = Automatic;
				DEVELOPMENT_TEAM = B4BRG88LS5;
				INFOPLIST_FILE = SZReplaykitDemo/Info.plist;
				LD_RUNPATH_SEARCH_PATHS = (
					"$(inherited)",
					"@executable_path/Frameworks",
				);
				PRODUCT_BUNDLE_IDENTIFIER = shi.carbit.com.cn.SZReplaykitDemo;
				PRODUCT_NAME = "$(TARGET_NAME)";
				TARGETED_DEVICE_FAMILY = "1,2";
			};
			name = Release;
		};
		0058D3962224D4310021192B /* Debug */ = {
			isa = XCBuildConfiguration;
			buildSettings = {
				BUNDLE_LOADER = "$(TEST_HOST)";
				CODE_SIGN_STYLE = Automatic;
				DEVELOPMENT_TEAM = B4BRG88LS5;
				INFOPLIST_FILE = SZReplaykitDemoTests/Info.plist;
				LD_RUNPATH_SEARCH_PATHS = (
					"$(inherited)",
					"@executable_path/Frameworks",
					"@loader_path/Frameworks",
				);
				PRODUCT_BUNDLE_IDENTIFIER = shi.carbit.com.cn.SZReplaykitDemoTests;
				PRODUCT_NAME = "$(TARGET_NAME)";
				TARGETED_DEVICE_FAMILY = "1,2";
				TEST_HOST = "$(BUILT_PRODUCTS_DIR)/SZReplaykitDemo.app/SZReplaykitDemo";
			};
			name = Debug;
		};
		0058D3972224D4310021192B /* Release */ = {
			isa = XCBuildConfiguration;
			buildSettings = {
				BUNDLE_LOADER = "$(TEST_HOST)";
				CODE_SIGN_STYLE = Automatic;
				DEVELOPMENT_TEAM = B4BRG88LS5;
				INFOPLIST_FILE = SZReplaykitDemoTests/Info.plist;
				LD_RUNPATH_SEARCH_PATHS = (
					"$(inherited)",
					"@executable_path/Frameworks",
					"@loader_path/Frameworks",
				);
				PRODUCT_BUNDLE_IDENTIFIER = shi.carbit.com.cn.SZReplaykitDemoTests;
				PRODUCT_NAME = "$(TARGET_NAME)";
				TARGETED_DEVICE_FAMILY = "1,2";
				TEST_HOST = "$(BUILT_PRODUCTS_DIR)/SZReplaykitDemo.app/SZReplaykitDemo";
			};
			name = Release;
		};
		0058D3992224D4310021192B /* Debug */ = {
			isa = XCBuildConfiguration;
			buildSettings = {
				CODE_SIGN_STYLE = Automatic;
				DEVELOPMENT_TEAM = B4BRG88LS5;
				INFOPLIST_FILE = SZReplaykitDemoUITests/Info.plist;
				LD_RUNPATH_SEARCH_PATHS = (
					"$(inherited)",
					"@executable_path/Frameworks",
					"@loader_path/Frameworks",
				);
				PRODUCT_BUNDLE_IDENTIFIER = shi.carbit.com.cn.SZReplaykitDemoUITests;
				PRODUCT_NAME = "$(TARGET_NAME)";
				TARGETED_DEVICE_FAMILY = "1,2";
				TEST_TARGET_NAME = SZReplaykitDemo;
			};
			name = Debug;
		};
		0058D39A2224D4310021192B /* Release */ = {
			isa = XCBuildConfiguration;
			buildSettings = {
				CODE_SIGN_STYLE = Automatic;
				DEVELOPMENT_TEAM = B4BRG88LS5;
				INFOPLIST_FILE = SZReplaykitDemoUITests/Info.plist;
				LD_RUNPATH_SEARCH_PATHS = (
					"$(inherited)",
					"@executable_path/Frameworks",
					"@loader_path/Frameworks",
				);
				PRODUCT_BUNDLE_IDENTIFIER = shi.carbit.com.cn.SZReplaykitDemoUITests;
				PRODUCT_NAME = "$(TARGET_NAME)";
				TARGETED_DEVICE_FAMILY = "1,2";
				TEST_TARGET_NAME = SZReplaykitDemo;
			};
			name = Release;
		};
		0058D3BC2224D4750021192B /* Debug */ = {
			isa = XCBuildConfiguration;
			buildSettings = {
				CODE_SIGN_ENTITLEMENTS = SZReplayExtSetupUI/SZReplayExtSetupUI.entitlements;
				CODE_SIGN_STYLE = Automatic;
				DEVELOPMENT_TEAM = B4BRG88LS5;
				INFOPLIST_FILE = SZReplayExtSetupUI/Info.plist;
				LD_RUNPATH_SEARCH_PATHS = (
					"$(inherited)",
					"@executable_path/Frameworks",
					"@executable_path/../../Frameworks",
				);
				PRODUCT_BUNDLE_IDENTIFIER = shi.carbit.com.cn.SZReplaykitDemo.SZReplayExtSetupUI;
				PRODUCT_NAME = "$(TARGET_NAME)";
				SKIP_INSTALL = YES;
				TARGETED_DEVICE_FAMILY = "1,2";
			};
			name = Debug;
		};
		0058D3BD2224D4750021192B /* Release */ = {
			isa = XCBuildConfiguration;
			buildSettings = {
				CODE_SIGN_ENTITLEMENTS = SZReplayExtSetupUI/SZReplayExtSetupUI.entitlements;
				CODE_SIGN_STYLE = Automatic;
				DEVELOPMENT_TEAM = B4BRG88LS5;
				INFOPLIST_FILE = SZReplayExtSetupUI/Info.plist;
				LD_RUNPATH_SEARCH_PATHS = (
					"$(inherited)",
					"@executable_path/Frameworks",
					"@executable_path/../../Frameworks",
				);
				PRODUCT_BUNDLE_IDENTIFIER = shi.carbit.com.cn.SZReplaykitDemo.SZReplayExtSetupUI;
				PRODUCT_NAME = "$(TARGET_NAME)";
				SKIP_INSTALL = YES;
				TARGETED_DEVICE_FAMILY = "1,2";
			};
			name = Release;
		};
		0058D3BF2224D4750021192B /* Debug */ = {
			isa = XCBuildConfiguration;
			buildSettings = {
				CODE_SIGN_ENTITLEMENTS = SZReplayExt/SZReplayExt.entitlements;
				CODE_SIGN_STYLE = Automatic;
				DEVELOPMENT_TEAM = B4BRG88LS5;
				INFOPLIST_FILE = SZReplayExt/Info.plist;
				LD_RUNPATH_SEARCH_PATHS = (
					"$(inherited)",
					"@executable_path/Frameworks",
					"@executable_path/../../Frameworks",
				);
				PRODUCT_BUNDLE_IDENTIFIER = shi.carbit.com.cn.SZReplaykitDemo.SZReplayExt;
				PRODUCT_NAME = "$(TARGET_NAME)";
				SKIP_INSTALL = YES;
				TARGETED_DEVICE_FAMILY = "1,2";
			};
			name = Debug;
		};
		0058D3C02224D4750021192B /* Release */ = {
			isa = XCBuildConfiguration;
			buildSettings = {
				CODE_SIGN_ENTITLEMENTS = SZReplayExt/SZReplayExt.entitlements;
				CODE_SIGN_STYLE = Automatic;
				DEVELOPMENT_TEAM = B4BRG88LS5;
				INFOPLIST_FILE = SZReplayExt/Info.plist;
				LD_RUNPATH_SEARCH_PATHS = (
					"$(inherited)",
					"@executable_path/Frameworks",
					"@executable_path/../../Frameworks",
				);
				PRODUCT_BUNDLE_IDENTIFIER = shi.carbit.com.cn.SZReplaykitDemo.SZReplayExt;
				PRODUCT_NAME = "$(TARGET_NAME)";
				SKIP_INSTALL = YES;
				TARGETED_DEVICE_FAMILY = "1,2";
			};
			name = Release;
		};
/* End XCBuildConfiguration section */

/* Begin XCConfigurationList section */
		0058D3612224D4300021192B /* Build configuration list for PBXProject "SZReplaykitDemo" */ = {
			isa = XCConfigurationList;
			buildConfigurations = (
				0058D3902224D4310021192B /* Debug */,
				0058D3912224D4310021192B /* Release */,
			);
			defaultConfigurationIsVisible = 0;
			defaultConfigurationName = Release;
		};
		0058D3922224D4310021192B /* Build configuration list for PBXNativeTarget "SZReplaykitDemo" */ = {
			isa = XCConfigurationList;
			buildConfigurations = (
				0058D3932224D4310021192B /* Debug */,
				0058D3942224D4310021192B /* Release */,
			);
			defaultConfigurationIsVisible = 0;
			defaultConfigurationName = Release;
		};
		0058D3952224D4310021192B /* Build configuration list for PBXNativeTarget "SZReplaykitDemoTests" */ = {
			isa = XCConfigurationList;
			buildConfigurations = (
				0058D3962224D4310021192B /* Debug */,
				0058D3972224D4310021192B /* Release */,
			);
			defaultConfigurationIsVisible = 0;
			defaultConfigurationName = Release;
		};
		0058D3982224D4310021192B /* Build configuration list for PBXNativeTarget "SZReplaykitDemoUITests" */ = {
			isa = XCConfigurationList;
			buildConfigurations = (
				0058D3992224D4310021192B /* Debug */,
				0058D39A2224D4310021192B /* Release */,
			);
			defaultConfigurationIsVisible = 0;
			defaultConfigurationName = Release;
		};
		0058D3BB2224D4750021192B /* Build configuration list for PBXNativeTarget "SZReplayExtSetupUI" */ = {
			isa = XCConfigurationList;
			buildConfigurations = (
				0058D3BC2224D4750021192B /* Debug */,
				0058D3BD2224D4750021192B /* Release */,
			);
			defaultConfigurationIsVisible = 0;
			defaultConfigurationName = Release;
		};
		0058D3BE2224D4750021192B /* Build configuration list for PBXNativeTarget "SZReplayExt" */ = {
			isa = XCConfigurationList;
			buildConfigurations = (
				0058D3BF2224D4750021192B /* Debug */,
				0058D3C02224D4750021192B /* Release */,
			);
			defaultConfigurationIsVisible = 0;
			defaultConfigurationName = Release;
		};
/* End XCConfigurationList section */
	};
	rootObject = 0058D35E2224D4300021192B /* Project object */;
}
